<?xml version="1.0" encoding="utf-8"?>
<Project ToolsVersion="4.0" xmlns="http://schemas.microsoft.com/developer/msbuild/2003">
  <ItemGroup>
    <Filter Include="KamataEngine">
      <UniqueIdentifier>{4FC737F1-C7A5-4376-A066-2A32D752A2FF}</UniqueIdentifier>
      <Extensions>cpp;c;cc;cxx;c++;cppm;ixx;def;odl;idl;hpj;bat;asm;asmx</Extensions>
    </Filter>
    <Filter Include="KamataEngine\Source">
      <UniqueIdentifier>{d966e9f8-e880-44ae-8586-a08515e4cffc}</UniqueIdentifier>
    </Filter>
    <Filter Include="KamataEngine\Include">
      <UniqueIdentifier>{4aae4e40-94f7-4d32-9a91-c0c37a2edf0d}</UniqueIdentifier>
    </Filter>
    <Filter Include="KamataEngine\Adapter">
      <UniqueIdentifier>{c6468eb4-788b-4a83-b207-a5f4804e56c5}</UniqueIdentifier>
    </Filter>
    <Filter Include="KamataEngine\Obj">
      <UniqueIdentifier>{2a5f1713-ca60-4233-b567-936cb75ab167}</UniqueIdentifier>
    </Filter>
    <Filter Include="KamataEngine\Collision">
      <UniqueIdentifier>{1e7250fc-dfef-4f1d-98aa-f8cfba78bd7d}</UniqueIdentifier>
    </Filter>
    <Filter Include="KamataEngine\Scene">
      <UniqueIdentifier>{5815d605-2a5e-46ce-ae62-bb15e87092b0}</UniqueIdentifier>
    </Filter>
    <Filter Include="KamataEngine\Draw">
      <UniqueIdentifier>{6b27272e-25ff-44fb-b053-12604b00b228}</UniqueIdentifier>
    </Filter>
    <Filter Include="KamataEngine\Player">
      <UniqueIdentifier>{4bfad564-d131-4c1f-b99c-b876937cb955}</UniqueIdentifier>
    </Filter>
    <Filter Include="KamataEngine\Bullet">
      <UniqueIdentifier>{9d75b74a-8c0f-4dfc-9432-0773f2626100}</UniqueIdentifier>
    </Filter>
    <Filter Include="KamataEngine\Enemy">
      <UniqueIdentifier>{543f11c0-c30f-4f72-8226-4e729c98484c}</UniqueIdentifier>
    </Filter>
  </ItemGroup>
  <ItemGroup>
    <ClCompile Include="C:\KamataEngine\DirectXGame\base\DirectXCommon.cpp">
      <Filter>KamataEngine\Source</Filter>
    </ClCompile>
    <ClCompile Include="C:\KamataEngine\DirectXGame\base\TextureManager.cpp">
      <Filter>KamataEngine\Source</Filter>
    </ClCompile>
    <ClCompile Include="C:\KamataEngine\DirectXGame\scene\GameScene.cpp">
      <Filter>KamataEngine\Source</Filter>
    </ClCompile>
    <ClCompile Include="C:\KamataEngine\DirectXGame\base\WinApp.cpp">
      <Filter>KamataEngine\Source</Filter>
    </ClCompile>
    <ClCompile Include="main.cpp" />
    <ClCompile Include="C:\KamataEngine\Adapter\Novice.cpp">
      <Filter>KamataEngine\Adapter</Filter>
    </ClCompile>
    <ClCompile Include="C:\KamataEngine\DirectXGame\2d\ImGuiManager.cpp">
      <Filter>KamataEngine</Filter>
    </ClCompile>
    <ClCompile Include="C:\KamataEngine\DirectXGame\base\StringUtility.cpp">
      <Filter>KamataEngine\Source</Filter>
    </ClCompile>
    <ClCompile Include="Obj.cpp">
      <Filter>KamataEngine\Obj</Filter>
    </ClCompile>
    <ClCompile Include="Collision.cpp">
      <Filter>KamataEngine\Collision</Filter>
    </ClCompile>
    <ClCompile Include="Scene.cpp">
      <Filter>KamataEngine\Scene</Filter>
    </ClCompile>
    <ClCompile Include="title.cpp">
      <Filter>KamataEngine\Scene</Filter>
    </ClCompile>
    <ClCompile Include="Game.cpp">
      <Filter>KamataEngine\Scene</Filter>
    </ClCompile>
    <ClCompile Include="Draw.cpp">
      <Filter>KamataEngine\Draw</Filter>
    </ClCompile>
    <ClCompile Include="Player.cpp">
      <Filter>KamataEngine\Player</Filter>
    </ClCompile>
    <ClCompile Include="Bullet.cpp">
      <Filter>KamataEngine\Bullet</Filter>
    </ClCompile>
    <ClCompile Include="Enemy.cpp">
      <Filter>KamataEngine\Enemy</Filter>
    </ClCompile>
  </ItemGroup>
  <ItemGroup>
    <ClInclude Include="C:\KamataEngine\DirectXGame\audio\Audio.h">
      <Filter>KamataEngine\Include</Filter>
    </ClInclude>
    <ClInclude Include="C:\KamataEngine\DirectXGame\2d\DebugText.h">
      <Filter>KamataEngine\Include</Filter>
    </ClInclude>
    <ClInclude Include="C:\KamataEngine\DirectXGame\base\DirectXCommon.h">
      <Filter>KamataEngine\Include</Filter>
    </ClInclude>
    <ClInclude Include="C:\KamataEngine\DirectXGame\scene\GameScene.h">
      <Filter>KamataEngine\Include</Filter>
    </ClInclude>
    <ClInclude Include="C:\KamataEngine\DirectXGame\input\Input.h">
      <Filter>KamataEngine\Include</Filter>
    </ClInclude>
    <ClInclude Include="C:\KamataEngine\DirectXGame\3d\Model.h">
      <Filter>KamataEngine\Include</Filter>
    </ClInclude>
    <ClInclude Include="C:\KamataEngine\DirectXGame\base\SafeDelete.h">
      <Filter>KamataEngine\Include</Filter>
    </ClInclude>
    <ClInclude Include="C:\KamataEngine\DirectXGame\2d\Sprite.h">
      <Filter>KamataEngine\Include</Filter>
    </ClInclude>
    <ClInclude Include="C:\KamataEngine\DirectXGame\base\TextureManager.h">
      <Filter>KamataEngine\Include</Filter>
    </ClInclude>
    <ClInclude Include="C:\KamataEngine\DirectXGame\3d\ViewProjection.h">
      <Filter>KamataEngine\Include</Filter>
    </ClInclude>
    <ClInclude Include="C:\KamataEngine\DirectXGame\base\WinApp.h">
      <Filter>KamataEngine\Include</Filter>
    </ClInclude>
    <ClInclude Include="C:\KamataEngine\DirectXGame\3d\WorldTransform.h">
      <Filter>KamataEngine\Include</Filter>
    </ClInclude>
    <ClInclude Include="C:\KamataEngine\Adapter\Novice.h">
      <Filter>KamataEngine\Adapter</Filter>
    </ClInclude>
    <ClInclude Include="C:\KamataEngine\DirectXGame\3d\CircleShadow.h">
      <Filter>KamataEngine\Include</Filter>
    </ClInclude>
    <ClInclude Include="C:\KamataEngine\DirectXGame\3d\DebugCamera.h">
      <Filter>KamataEngine\Include</Filter>
    </ClInclude>
    <ClInclude Include="C:\KamataEngine\DirectXGame\3d\DirectionalLight.h">
      <Filter>KamataEngine\Include</Filter>
    </ClInclude>
    <ClInclude Include="C:\KamataEngine\DirectXGame\3d\LightGroup.h">
      <Filter>KamataEngine\Include</Filter>
    </ClInclude>
    <ClInclude Include="C:\KamataEngine\DirectXGame\3d\Material.h">
      <Filter>KamataEngine\Include</Filter>
    </ClInclude>
    <ClInclude Include="C:\KamataEngine\DirectXGame\3d\Mesh.h">
      <Filter>KamataEngine\Include</Filter>
    </ClInclude>
    <ClInclude Include="C:\KamataEngine\DirectXGame\3d\PointLight.h">
      <Filter>KamataEngine\Include</Filter>
    </ClInclude>
    <ClInclude Include="C:\KamataEngine\DirectXGame\3d\SpotLight.h">
      <Filter>KamataEngine\Include</Filter>
    </ClInclude>
    <ClInclude Include="C:\KamataEngine\DirectXGame\math\Matrix4x4.h" />
    <ClInclude Include="C:\KamataEngine\DirectXGame\math\Vector2.h" />
    <ClInclude Include="C:\KamataEngine\DirectXGame\math\Vector3.h" />
    <ClInclude Include="C:\KamataEngine\DirectXGame\math\Vector4.h" />
    <ClInclude Include="C:\KamataEngine\DirectXGame\2d\ImGuiManager.h" />
    <ClInclude Include="C:\KamataEngine\DirectXGame\base\StringUtility.h">
      <Filter>KamataEngine\Include</Filter>
    </ClInclude>
    <ClInclude Include="Obj.h">
      <Filter>KamataEngine\Obj</Filter>
    </ClInclude>
    <ClInclude Include="Collision.h">
      <Filter>KamataEngine\Collision</Filter>
    </ClInclude>
    <ClInclude Include="Scene.h">
      <Filter>KamataEngine\Scene</Filter>
    </ClInclude>
    <ClInclude Include="title.h">
      <Filter>KamataEngine\Scene</Filter>
    </ClInclude>
    <ClInclude Include="Game.h">
      <Filter>KamataEngine\Scene</Filter>
    </ClInclude>
    <ClInclude Include="Draw.h">
      <Filter>KamataEngine\Draw</Filter>
    </ClInclude>
    <ClInclude Include="Player.h">
      <Filter>KamataEngine\Player</Filter>
    </ClInclude>
    <ClInclude Include="bullet.h">
      <Filter>KamataEngine\Bullet</Filter>
    </ClInclude>
    <ClInclude Include="Enemy.h">
      <Filter>KamataEngine\Enemy</Filter>
    </ClInclude>
  </ItemGroup>
</Project>